
Microsoft Visual Studio Solution File, Format Version 12.00
# Visual Studio 15
VisualStudioVersion = 15.0.27130.2027
MinimumVisualStudioVersion = 10.0.40219.1
Project("{FAE04EC0-301F-11D3-BF4B-00C04F79EFBC}") = "SimpleTaskSystem.Core", "SimpleTaskSystem.Core\SimpleTaskSystem.Core.csproj", "{17298EA0-AF73-4F30-B6F1-2066100D7D74}"
EndProject
Project("{FAE04EC0-301F-11D3-BF4B-00C04F79EFBC}") = "SimpleTaskSystem.Application", "SimpleTaskSystem.Application\SimpleTaskSystem.Application.csproj", "{EDF5D964-4C0F-4F19-B674-58A38A5E5401}"
EndProject
Project("{FAE04EC0-301F-11D3-BF4B-00C04F79EFBC}") = "SimpleTaskSystem.WebApi", "SimpleTaskSystem.WebApi\SimpleTaskSystem.WebApi.csproj", "{5EB52D3D-09FD-463A-B02A-8D9856BD3724}"
EndProject
Project("{2150E333-8FDC-42A3-9474-1A3956D46DE8}") = "Common", "Common", "{679BAA44-7C00-45A8-B769-4442DAD8458C}"
EndProject
Project("{FAE04EC0-301F-11D3-BF4B-00C04F79EFBC}") = "SimpleTaskSystem.WebSpaAngular", "SimpleTaskSystem.WebSpaAngular\SimpleTaskSystem.WebSpaAngular.csproj", "{897F6FD8-6F90-48E4-95A5-B4429B896205}"
EndProject
Project("{FAE04EC0-301F-11D3-BF4B-00C04F79EFBC}") = "SimpleTaskSystem.EntityFramework", "SimpleTaskSystem.EntityFramework\SimpleTaskSystem.EntityFramework.csproj", "{3979F157-DEB0-4878-AB1D-4CEF6B5A1300}"
EndProject
Project("{2150E333-8FDC-42A3-9474-1A3956D46DE8}") = ".nuget", ".nuget", "{D742A110-9EC6-43AA-8DAA-F4489E89A625}"
	ProjectSection(SolutionItems) = preProject
		.nuget\NuGet.Config = .nuget\NuGet.Config
		.nuget\NuGet.exe = .nuget\NuGet.exe
		.nuget\NuGet.targets = .nuget\NuGet.targets
	EndProjectSection
EndProject
Project("{FAE04EC0-301F-11D3-BF4B-00C04F79EFBC}") = "SimpleTaskSystem.ConsoleApp", "SimpleTaskSystem.ConsoleApp\SimpleTaskSystem.ConsoleApp.csproj", "{858EE6C5-E5F6-45BC-BA74-04F2BFD169EE}"
EndProject
Project("{2150E333-8FDC-42A3-9474-1A3956D46DE8}") = "Tests", "Tests", "{DBAD8891-A456-4540-936F-D13B363F3141}"
EndProject
Project("{FAE04EC0-301F-11D3-BF4B-00C04F79EFBC}") = "SimpleTaskSystem.Test", "Tests\SimpleTaskSystem.Test\SimpleTaskSystem.Test.csproj", "{8338C51E-DF08-43F4-BC7D-1B8584BB2AD5}"
EndProject
Project("{2150E333-8FDC-42A3-9474-1A3956D46DE8}") = "AbpSrc", "AbpSrc", "{3EC701FF-62DB-4CE2-BC5B-506F37EBBF81}"
EndProject
Project("{9A19103F-16F7-4668-BE54-9A1E7A4F7556}") = "Abp", "AbpSrc\Abp\Abp.csproj", "{F546F6C1-6B99-4E6C-9ADA-97E165751EC0}"
EndProject
Project("{9A19103F-16F7-4668-BE54-9A1E7A4F7556}") = "Abp.AspNetCore", "AbpSrc\Abp.AspNetCore\Abp.AspNetCore.csproj", "{5A67AC9D-D03D-46C9-8E91-03F71DEED812}"
EndProject
Project("{9A19103F-16F7-4668-BE54-9A1E7A4F7556}") = "Abp.AspNetCore.OData", "AbpSrc\Abp.AspNetCore.OData\Abp.AspNetCore.OData.csproj", "{FA1BA43F-9DFB-41DA-BE0D-B0F541006E2F}"
EndProject
Project("{9A19103F-16F7-4668-BE54-9A1E7A4F7556}") = "Abp.AspNetCore.SignalR", "AbpSrc\Abp.AspNetCore.SignalR\Abp.AspNetCore.SignalR.csproj", "{16FA1FC8-1B4A-43BB-A56A-12F232C68DF4}"
EndProject
Project("{9A19103F-16F7-4668-BE54-9A1E7A4F7556}") = "Abp.AspNetCore.TestBase", "AbpSrc\Abp.AspNetCore.TestBase\Abp.AspNetCore.TestBase.csproj", "{B3376595-FF37-4C2B-8F59-41DE8712D26D}"
EndProject
Project("{9A19103F-16F7-4668-BE54-9A1E7A4F7556}") = "Abp.AutoMapper", "AbpSrc\Abp.AutoMapper\Abp.AutoMapper.csproj", "{5A55DA32-B810-47E6-96D0-F299C63F18F3}"
EndProject
Project("{9A19103F-16F7-4668-BE54-9A1E7A4F7556}") = "Abp.Castle.Log4Net", "AbpSrc\Abp.Castle.Log4Net\Abp.Castle.Log4Net.csproj", "{1234F327-8414-49AE-8F35-A160168199A3}"
EndProject
Project("{9A19103F-16F7-4668-BE54-9A1E7A4F7556}") = "Abp.Dapper", "AbpSrc\Abp.Dapper\Abp.Dapper.csproj", "{6BCE5D9B-9924-46AA-9735-EB36F8AAF77C}"
EndProject
Project("{9A19103F-16F7-4668-BE54-9A1E7A4F7556}") = "Abp.EntityFramework", "AbpSrc\Abp.EntityFramework\Abp.EntityFramework.csproj", "{B75FDC86-F91B-4CE3-BAC1-284ED49A9B43}"
EndProject
Project("{9A19103F-16F7-4668-BE54-9A1E7A4F7556}") = "Abp.EntityFramework.Common", "AbpSrc\Abp.EntityFramework.Common\Abp.EntityFramework.Common.csproj", "{A96D2EDD-868B-4916-BAE8-416DB40607B5}"
EndProject
Project("{9A19103F-16F7-4668-BE54-9A1E7A4F7556}") = "Abp.EntityFramework.GraphDiff", "AbpSrc\Abp.EntityFramework.GraphDiff\Abp.EntityFramework.GraphDiff.csproj", "{EA0E2E06-7435-47EC-80CD-BAFBD5CEF90F}"
EndProject
Project("{9A19103F-16F7-4668-BE54-9A1E7A4F7556}") = "Abp.EntityFrameworkCore", "AbpSrc\Abp.EntityFrameworkCore\Abp.EntityFrameworkCore.csproj", "{CA637574-9878-4DF8-9CC1-427A8AAE0867}"
EndProject
Project("{9A19103F-16F7-4668-BE54-9A1E7A4F7556}") = "Abp.FluentMigrator", "AbpSrc\Abp.FluentMigrator\Abp.FluentMigrator.csproj", "{77AE94B8-F576-4E13-9E23-FF239D64F577}"
EndProject
Project("{9A19103F-16F7-4668-BE54-9A1E7A4F7556}") = "Abp.FluentValidation", "AbpSrc\Abp.FluentValidation\Abp.FluentValidation.csproj", "{C7CCC603-E075-4EF3-A609-35E1375F5985}"
EndProject
Project("{9A19103F-16F7-4668-BE54-9A1E7A4F7556}") = "Abp.HangFire", "AbpSrc\Abp.HangFire\Abp.HangFire.csproj", "{E28145EF-B988-435E-A63C-7E512414AE3B}"
EndProject
Project("{9A19103F-16F7-4668-BE54-9A1E7A4F7556}") = "Abp.HangFire.AspNetCore", "AbpSrc\Abp.HangFire.AspNetCore\Abp.HangFire.AspNetCore.csproj", "{3BECC077-597C-4E09-9DBA-81CA4336EA30}"
EndProject
Project("{9A19103F-16F7-4668-BE54-9A1E7A4F7556}") = "Abp.MailKit", "AbpSrc\Abp.MailKit\Abp.MailKit.csproj", "{84F15D3D-7B7E-4484-94BF-522B8A827C54}"
EndProject
Project("{9A19103F-16F7-4668-BE54-9A1E7A4F7556}") = "Abp.MemoryDb", "AbpSrc\Abp.MemoryDb\Abp.MemoryDb.csproj", "{A5BB90AC-2EA8-4B79-95B3-F7CD6D9D74D6}"
EndProject
Project("{9A19103F-16F7-4668-BE54-9A1E7A4F7556}") = "Abp.MongoDB", "AbpSrc\Abp.MongoDB\Abp.MongoDB.csproj", "{23D82F02-08E4-4A96-B43D-013ED74BD396}"
EndProject
Project("{9A19103F-16F7-4668-BE54-9A1E7A4F7556}") = "Abp.NHibernate", "AbpSrc\Abp.NHibernate\Abp.NHibernate.csproj", "{D7453590-F9AE-4A9A-810F-AB643FD7B682}"
EndProject
Project("{9A19103F-16F7-4668-BE54-9A1E7A4F7556}") = "Abp.Owin", "AbpSrc\Abp.Owin\Abp.Owin.csproj", "{E2BDF887-AD62-4F72-8817-6AA43EC70B37}"
EndProject
Project("{9A19103F-16F7-4668-BE54-9A1E7A4F7556}") = "Abp.Quartz", "AbpSrc\Abp.Quartz\Abp.Quartz.csproj", "{C7B67788-3E07-4A30-98A7-A4D4C16429BA}"
EndProject
Project("{9A19103F-16F7-4668-BE54-9A1E7A4F7556}") = "Abp.RedisCache", "AbpSrc\Abp.RedisCache\Abp.RedisCache.csproj", "{48F782F8-95A7-414B-ADCA-56F524AF538E}"
EndProject
Project("{9A19103F-16F7-4668-BE54-9A1E7A4F7556}") = "Abp.RedisCache.ProtoBuf", "AbpSrc\Abp.RedisCache.ProtoBuf\Abp.RedisCache.ProtoBuf.csproj", "{7A39516F-4C6C-4F74-BC27-912D9B3C8C85}"
EndProject
Project("{9A19103F-16F7-4668-BE54-9A1E7A4F7556}") = "Abp.TestBase", "AbpSrc\Abp.TestBase\Abp.TestBase.csproj", "{48F07F05-F218-4897-B4CB-6771BDD48087}"
EndProject
Project("{9A19103F-16F7-4668-BE54-9A1E7A4F7556}") = "Abp.Web", "AbpSrc\Abp.Web\Abp.Web.csproj", "{A6B9C74B-AFB5-4862-A3AA-569015E748CA}"
EndProject
Project("{9A19103F-16F7-4668-BE54-9A1E7A4F7556}") = "Abp.Web.Api", "AbpSrc\Abp.Web.Api\Abp.Web.Api.csproj", "{671288FD-2F00-4F74-844B-1963E898F048}"
EndProject
Project("{9A19103F-16F7-4668-BE54-9A1E7A4F7556}") = "Abp.Web.Api.OData", "AbpSrc\Abp.Web.Api.OData\Abp.Web.Api.OData.csproj", "{51F9C538-FBCB-4D7E-A654-EBD383B34D8B}"
EndProject
Project("{9A19103F-16F7-4668-BE54-9A1E7A4F7556}") = "Abp.Web.Common", "AbpSrc\Abp.Web.Common\Abp.Web.Common.csproj", "{6ECE989D-A310-4D76-A089-F19842A4D748}"
EndProject
Project("{9A19103F-16F7-4668-BE54-9A1E7A4F7556}") = "Abp.Web.Mvc", "AbpSrc\Abp.Web.Mvc\Abp.Web.Mvc.csproj", "{B4E790CE-60C1-405E-AD42-6AB7C2DC23AE}"
EndProject
Project("{9A19103F-16F7-4668-BE54-9A1E7A4F7556}") = "Abp.Web.Resources", "AbpSrc\Abp.Web.Resources\Abp.Web.Resources.csproj", "{83566A21-76D4-4A8C-AED5-7DF1046343DF}"
EndProject
Project("{9A19103F-16F7-4668-BE54-9A1E7A4F7556}") = "Abp.Web.SignalR", "AbpSrc\Abp.Web.SignalR\Abp.Web.SignalR.csproj", "{F60234E5-7C7E-41E8-B9C7-3DE5DAE06093}"
EndProject
Global
	GlobalSection(SolutionConfigurationPlatforms) = preSolution
		Debug|Any CPU = Debug|Any CPU
		Release|Any CPU = Release|Any CPU
	EndGlobalSection
	GlobalSection(ProjectConfigurationPlatforms) = postSolution
		{17298EA0-AF73-4F30-B6F1-2066100D7D74}.Debug|Any CPU.ActiveCfg = Debug|Any CPU
		{17298EA0-AF73-4F30-B6F1-2066100D7D74}.Debug|Any CPU.Build.0 = Debug|Any CPU
		{17298EA0-AF73-4F30-B6F1-2066100D7D74}.Release|Any CPU.ActiveCfg = Release|Any CPU
		{17298EA0-AF73-4F30-B6F1-2066100D7D74}.Release|Any CPU.Build.0 = Release|Any CPU
		{EDF5D964-4C0F-4F19-B674-58A38A5E5401}.Debug|Any CPU.ActiveCfg = Debug|Any CPU
		{EDF5D964-4C0F-4F19-B674-58A38A5E5401}.Debug|Any CPU.Build.0 = Debug|Any CPU
		{EDF5D964-4C0F-4F19-B674-58A38A5E5401}.Release|Any CPU.ActiveCfg = Release|Any CPU
		{EDF5D964-4C0F-4F19-B674-58A38A5E5401}.Release|Any CPU.Build.0 = Release|Any CPU
		{5EB52D3D-09FD-463A-B02A-8D9856BD3724}.Debug|Any CPU.ActiveCfg = Debug|Any CPU
		{5EB52D3D-09FD-463A-B02A-8D9856BD3724}.Debug|Any CPU.Build.0 = Debug|Any CPU
		{5EB52D3D-09FD-463A-B02A-8D9856BD3724}.Release|Any CPU.ActiveCfg = Release|Any CPU
		{5EB52D3D-09FD-463A-B02A-8D9856BD3724}.Release|Any CPU.Build.0 = Release|Any CPU
		{897F6FD8-6F90-48E4-95A5-B4429B896205}.Debug|Any CPU.ActiveCfg = Debug|Any CPU
		{897F6FD8-6F90-48E4-95A5-B4429B896205}.Debug|Any CPU.Build.0 = Debug|Any CPU
		{897F6FD8-6F90-48E4-95A5-B4429B896205}.Release|Any CPU.ActiveCfg = Release|Any CPU
		{897F6FD8-6F90-48E4-95A5-B4429B896205}.Release|Any CPU.Build.0 = Release|Any CPU
		{3979F157-DEB0-4878-AB1D-4CEF6B5A1300}.Debug|Any CPU.ActiveCfg = Debug|Any CPU
		{3979F157-DEB0-4878-AB1D-4CEF6B5A1300}.Debug|Any CPU.Build.0 = Debug|Any CPU
		{3979F157-DEB0-4878-AB1D-4CEF6B5A1300}.Release|Any CPU.ActiveCfg = Release|Any CPU
		{3979F157-DEB0-4878-AB1D-4CEF6B5A1300}.Release|Any CPU.Build.0 = Release|Any CPU
		{858EE6C5-E5F6-45BC-BA74-04F2BFD169EE}.Debug|Any CPU.ActiveCfg = Debug|Any CPU
		{858EE6C5-E5F6-45BC-BA74-04F2BFD169EE}.Debug|Any CPU.Build.0 = Debug|Any CPU
		{858EE6C5-E5F6-45BC-BA74-04F2BFD169EE}.Release|Any CPU.ActiveCfg = Release|Any CPU
		{858EE6C5-E5F6-45BC-BA74-04F2BFD169EE}.Release|Any CPU.Build.0 = Release|Any CPU
		{8338C51E-DF08-43F4-BC7D-1B8584BB2AD5}.Debug|Any CPU.ActiveCfg = Debug|Any CPU
		{8338C51E-DF08-43F4-BC7D-1B8584BB2AD5}.Debug|Any CPU.Build.0 = Debug|Any CPU
		{8338C51E-DF08-43F4-BC7D-1B8584BB2AD5}.Release|Any CPU.ActiveCfg = Release|Any CPU
		{8338C51E-DF08-43F4-BC7D-1B8584BB2AD5}.Release|Any CPU.Build.0 = Release|Any CPU
		{F546F6C1-6B99-4E6C-9ADA-97E165751EC0}.Debug|Any CPU.ActiveCfg = Debug|Any CPU
		{F546F6C1-6B99-4E6C-9ADA-97E165751EC0}.Debug|Any CPU.Build.0 = Debug|Any CPU
		{F546F6C1-6B99-4E6C-9ADA-97E165751EC0}.Release|Any CPU.ActiveCfg = Release|Any CPU
		{F546F6C1-6B99-4E6C-9ADA-97E165751EC0}.Release|Any CPU.Build.0 = Release|Any CPU
		{5A67AC9D-D03D-46C9-8E91-03F71DEED812}.Debug|Any CPU.ActiveCfg = Debug|Any CPU
		{5A67AC9D-D03D-46C9-8E91-03F71DEED812}.Debug|Any CPU.Build.0 = Debug|Any CPU
		{5A67AC9D-D03D-46C9-8E91-03F71DEED812}.Release|Any CPU.ActiveCfg = Release|Any CPU
		{5A67AC9D-D03D-46C9-8E91-03F71DEED812}.Release|Any CPU.Build.0 = Release|Any CPU
		{FA1BA43F-9DFB-41DA-BE0D-B0F541006E2F}.Debug|Any CPU.ActiveCfg = Debug|Any CPU
		{FA1BA43F-9DFB-41DA-BE0D-B0F541006E2F}.Debug|Any CPU.Build.0 = Debug|Any CPU
		{FA1BA43F-9DFB-41DA-BE0D-B0F541006E2F}.Release|Any CPU.ActiveCfg = Release|Any CPU
		{FA1BA43F-9DFB-41DA-BE0D-B0F541006E2F}.Release|Any CPU.Build.0 = Release|Any CPU
		{16FA1FC8-1B4A-43BB-A56A-12F232C68DF4}.Debug|Any CPU.ActiveCfg = Debug|Any CPU
		{16FA1FC8-1B4A-43BB-A56A-12F232C68DF4}.Debug|Any CPU.Build.0 = Debug|Any CPU
		{16FA1FC8-1B4A-43BB-A56A-12F232C68DF4}.Release|Any CPU.ActiveCfg = Release|Any CPU
		{16FA1FC8-1B4A-43BB-A56A-12F232C68DF4}.Release|Any CPU.Build.0 = Release|Any CPU
		{B3376595-FF37-4C2B-8F59-41DE8712D26D}.Debug|Any CPU.ActiveCfg = Debug|Any CPU
		{B3376595-FF37-4C2B-8F59-41DE8712D26D}.Debug|Any CPU.Build.0 = Debug|Any CPU
		{B3376595-FF37-4C2B-8F59-41DE8712D26D}.Release|Any CPU.ActiveCfg = Release|Any CPU
		{B3376595-FF37-4C2B-8F59-41DE8712D26D}.Release|Any CPU.Build.0 = Release|Any CPU
		{5A55DA32-B810-47E6-96D0-F299C63F18F3}.Debug|Any CPU.ActiveCfg = Debug|Any CPU
		{5A55DA32-B810-47E6-96D0-F299C63F18F3}.Debug|Any CPU.Build.0 = Debug|Any CPU
		{5A55DA32-B810-47E6-96D0-F299C63F18F3}.Release|Any CPU.ActiveCfg = Release|Any CPU
		{5A55DA32-B810-47E6-96D0-F299C63F18F3}.Release|Any CPU.Build.0 = Release|Any CPU
		{1234F327-8414-49AE-8F35-A160168199A3}.Debug|Any CPU.ActiveCfg = Debug|Any CPU
		{1234F327-8414-49AE-8F35-A160168199A3}.Debug|Any CPU.Build.0 = Debug|Any CPU
		{1234F327-8414-49AE-8F35-A160168199A3}.Release|Any CPU.ActiveCfg = Release|Any CPU
		{1234F327-8414-49AE-8F35-A160168199A3}.Release|Any CPU.Build.0 = Release|Any CPU
		{6BCE5D9B-9924-46AA-9735-EB36F8AAF77C}.Debug|Any CPU.ActiveCfg = Debug|Any CPU
		{6BCE5D9B-9924-46AA-9735-EB36F8AAF77C}.Debug|Any CPU.Build.0 = Debug|Any CPU
		{6BCE5D9B-9924-46AA-9735-EB36F8AAF77C}.Release|Any CPU.ActiveCfg = Release|Any CPU
		{6BCE5D9B-9924-46AA-9735-EB36F8AAF77C}.Release|Any CPU.Build.0 = Release|Any CPU
		{B75FDC86-F91B-4CE3-BAC1-284ED49A9B43}.Debug|Any CPU.ActiveCfg = Debug|Any CPU
		{B75FDC86-F91B-4CE3-BAC1-284ED49A9B43}.Debug|Any CPU.Build.0 = Debug|Any CPU
		{B75FDC86-F91B-4CE3-BAC1-284ED49A9B43}.Release|Any CPU.ActiveCfg = Release|Any CPU
		{B75FDC86-F91B-4CE3-BAC1-284ED49A9B43}.Release|Any CPU.Build.0 = Release|Any CPU
		{A96D2EDD-868B-4916-BAE8-416DB40607B5}.Debug|Any CPU.ActiveCfg = Debug|Any CPU
		{A96D2EDD-868B-4916-BAE8-416DB40607B5}.Debug|Any CPU.Build.0 = Debug|Any CPU
		{A96D2EDD-868B-4916-BAE8-416DB40607B5}.Release|Any CPU.ActiveCfg = Release|Any CPU
		{A96D2EDD-868B-4916-BAE8-416DB40607B5}.Release|Any CPU.Build.0 = Release|Any CPU
		{EA0E2E06-7435-47EC-80CD-BAFBD5CEF90F}.Debug|Any CPU.ActiveCfg = Debug|Any CPU
		{EA0E2E06-7435-47EC-80CD-BAFBD5CEF90F}.Debug|Any CPU.Build.0 = Debug|Any CPU
		{EA0E2E06-7435-47EC-80CD-BAFBD5CEF90F}.Release|Any CPU.ActiveCfg = Release|Any CPU
		{EA0E2E06-7435-47EC-80CD-BAFBD5CEF90F}.Release|Any CPU.Build.0 = Release|Any CPU
		{CA637574-9878-4DF8-9CC1-427A8AAE0867}.Debug|Any CPU.ActiveCfg = Debug|Any CPU
		{CA637574-9878-4DF8-9CC1-427A8AAE0867}.Debug|Any CPU.Build.0 = Debug|Any CPU
		{CA637574-9878-4DF8-9CC1-427A8AAE0867}.Release|Any CPU.ActiveCfg = Release|Any CPU
		{CA637574-9878-4DF8-9CC1-427A8AAE0867}.Release|Any CPU.Build.0 = Release|Any CPU
		{77AE94B8-F576-4E13-9E23-FF239D64F577}.Debug|Any CPU.ActiveCfg = Debug|Any CPU
		{77AE94B8-F576-4E13-9E23-FF239D64F577}.Debug|Any CPU.Build.0 = Debug|Any CPU
		{77AE94B8-F576-4E13-9E23-FF239D64F577}.Release|Any CPU.ActiveCfg = Release|Any CPU
		{77AE94B8-F576-4E13-9E23-FF239D64F577}.Release|Any CPU.Build.0 = Release|Any CPU
		{C7CCC603-E075-4EF3-A609-35E1375F5985}.Debug|Any CPU.ActiveCfg = Debug|Any CPU
		{C7CCC603-E075-4EF3-A609-35E1375F5985}.Debug|Any CPU.Build.0 = Debug|Any CPU
		{C7CCC603-E075-4EF3-A609-35E1375F5985}.Release|Any CPU.ActiveCfg = Release|Any CPU
		{C7CCC603-E075-4EF3-A609-35E1375F5985}.Release|Any CPU.Build.0 = Release|Any CPU
		{E28145EF-B988-435E-A63C-7E512414AE3B}.Debug|Any CPU.ActiveCfg = Debug|Any CPU
		{E28145EF-B988-435E-A63C-7E512414AE3B}.Debug|Any CPU.Build.0 = Debug|Any CPU
		{E28145EF-B988-435E-A63C-7E512414AE3B}.Release|Any CPU.ActiveCfg = Release|Any CPU
		{E28145EF-B988-435E-A63C-7E512414AE3B}.Release|Any CPU.Build.0 = Release|Any CPU
		{3BECC077-597C-4E09-9DBA-81CA4336EA30}.Debug|Any CPU.ActiveCfg = Debug|Any CPU
		{3BECC077-597C-4E09-9DBA-81CA4336EA30}.Debug|Any CPU.Build.0 = Debug|Any CPU
		{3BECC077-597C-4E09-9DBA-81CA4336EA30}.Release|Any CPU.ActiveCfg = Release|Any CPU
		{3BECC077-597C-4E09-9DBA-81CA4336EA30}.Release|Any CPU.Build.0 = Release|Any CPU
		{84F15D3D-7B7E-4484-94BF-522B8A827C54}.Debug|Any CPU.ActiveCfg = Debug|Any CPU
		{84F15D3D-7B7E-4484-94BF-522B8A827C54}.Debug|Any CPU.Build.0 = Debug|Any CPU
		{84F15D3D-7B7E-4484-94BF-522B8A827C54}.Release|Any CPU.ActiveCfg = Release|Any CPU
		{84F15D3D-7B7E-4484-94BF-522B8A827C54}.Release|Any CPU.Build.0 = Release|Any CPU
		{A5BB90AC-2EA8-4B79-95B3-F7CD6D9D74D6}.Debug|Any CPU.ActiveCfg = Debug|Any CPU
		{A5BB90AC-2EA8-4B79-95B3-F7CD6D9D74D6}.Debug|Any CPU.Build.0 = Debug|Any CPU
		{A5BB90AC-2EA8-4B79-95B3-F7CD6D9D74D6}.Release|Any CPU.ActiveCfg = Release|Any CPU
		{A5BB90AC-2EA8-4B79-95B3-F7CD6D9D74D6}.Release|Any CPU.Build.0 = Release|Any CPU
		{23D82F02-08E4-4A96-B43D-013ED74BD396}.Debug|Any CPU.ActiveCfg = Debug|Any CPU
		{23D82F02-08E4-4A96-B43D-013ED74BD396}.Debug|Any CPU.Build.0 = Debug|Any CPU
		{23D82F02-08E4-4A96-B43D-013ED74BD396}.Release|Any CPU.ActiveCfg = Release|Any CPU
		{23D82F02-08E4-4A96-B43D-013ED74BD396}.Release|Any CPU.Build.0 = Release|Any CPU
		{D7453590-F9AE-4A9A-810F-AB643FD7B682}.Debug|Any CPU.ActiveCfg = Debug|Any CPU
		{D7453590-F9AE-4A9A-810F-AB643FD7B682}.Debug|Any CPU.Build.0 = Debug|Any CPU
		{D7453590-F9AE-4A9A-810F-AB643FD7B682}.Release|Any CPU.ActiveCfg = Release|Any CPU
		{D7453590-F9AE-4A9A-810F-AB643FD7B682}.Release|Any CPU.Build.0 = Release|Any CPU
		{E2BDF887-AD62-4F72-8817-6AA43EC70B37}.Debug|Any CPU.ActiveCfg = Debug|Any CPU
		{E2BDF887-AD62-4F72-8817-6AA43EC70B37}.Debug|Any CPU.Build.0 = Debug|Any CPU
		{E2BDF887-AD62-4F72-8817-6AA43EC70B37}.Release|Any CPU.ActiveCfg = Release|Any CPU
		{E2BDF887-AD62-4F72-8817-6AA43EC70B37}.Release|Any CPU.Build.0 = Release|Any CPU
		{C7B67788-3E07-4A30-98A7-A4D4C16429BA}.Debug|Any CPU.ActiveCfg = Debug|Any CPU
		{C7B67788-3E07-4A30-98A7-A4D4C16429BA}.Debug|Any CPU.Build.0 = Debug|Any CPU
		{C7B67788-3E07-4A30-98A7-A4D4C16429BA}.Release|Any CPU.ActiveCfg = Release|Any CPU
		{C7B67788-3E07-4A30-98A7-A4D4C16429BA}.Release|Any CPU.Build.0 = Release|Any CPU
		{48F782F8-95A7-414B-ADCA-56F524AF538E}.Debug|Any CPU.ActiveCfg = Debug|Any CPU
		{48F782F8-95A7-414B-ADCA-56F524AF538E}.Debug|Any CPU.Build.0 = Debug|Any CPU
		{48F782F8-95A7-414B-ADCA-56F524AF538E}.Release|Any CPU.ActiveCfg = Release|Any CPU
		{48F782F8-95A7-414B-ADCA-56F524AF538E}.Release|Any CPU.Build.0 = Release|Any CPU
		{7A39516F-4C6C-4F74-BC27-912D9B3C8C85}.Debug|Any CPU.ActiveCfg = Debug|Any CPU
		{7A39516F-4C6C-4F74-BC27-912D9B3C8C85}.Debug|Any CPU.Build.0 = Debug|Any CPU
		{7A39516F-4C6C-4F74-BC27-912D9B3C8C85}.Release|Any CPU.ActiveCfg = Release|Any CPU
		{7A39516F-4C6C-4F74-BC27-912D9B3C8C85}.Release|Any CPU.Build.0 = Release|Any CPU
		{48F07F05-F218-4897-B4CB-6771BDD48087}.Debug|Any CPU.ActiveCfg = Debug|Any CPU
		{48F07F05-F218-4897-B4CB-6771BDD48087}.Debug|Any CPU.Build.0 = Debug|Any CPU
		{48F07F05-F218-4897-B4CB-6771BDD48087}.Release|Any CPU.ActiveCfg = Release|Any CPU
		{48F07F05-F218-4897-B4CB-6771BDD48087}.Release|Any CPU.Build.0 = Release|Any CPU
		{A6B9C74B-AFB5-4862-A3AA-569015E748CA}.Debug|Any CPU.ActiveCfg = Debug|Any CPU
		{A6B9C74B-AFB5-4862-A3AA-569015E748CA}.Debug|Any CPU.Build.0 = Debug|Any CPU
		{A6B9C74B-AFB5-4862-A3AA-569015E748CA}.Release|Any CPU.ActiveCfg = Release|Any CPU
		{A6B9C74B-AFB5-4862-A3AA-569015E748CA}.Release|Any CPU.Build.0 = Release|Any CPU
		{671288FD-2F00-4F74-844B-1963E898F048}.Debug|Any CPU.ActiveCfg = Debug|Any CPU
		{671288FD-2F00-4F74-844B-1963E898F048}.Debug|Any CPU.Build.0 = Debug|Any CPU
		{671288FD-2F00-4F74-844B-1963E898F048}.Release|Any CPU.ActiveCfg = Release|Any CPU
		{671288FD-2F00-4F74-844B-1963E898F048}.Release|Any CPU.Build.0 = Release|Any CPU
		{51F9C538-FBCB-4D7E-A654-EBD383B34D8B}.Debug|Any CPU.ActiveCfg = Debug|Any CPU
		{51F9C538-FBCB-4D7E-A654-EBD383B34D8B}.Debug|Any CPU.Build.0 = Debug|Any CPU
		{51F9C538-FBCB-4D7E-A654-EBD383B34D8B}.Release|Any CPU.ActiveCfg = Release|Any CPU
		{51F9C538-FBCB-4D7E-A654-EBD383B34D8B}.Release|Any CPU.Build.0 = Release|Any CPU
		{6ECE989D-A310-4D76-A089-F19842A4D748}.Debug|Any CPU.ActiveCfg = Debug|Any CPU
		{6ECE989D-A310-4D76-A089-F19842A4D748}.Debug|Any CPU.Build.0 = Debug|Any CPU
		{6ECE989D-A310-4D76-A089-F19842A4D748}.Release|Any CPU.ActiveCfg = Release|Any CPU
		{6ECE989D-A310-4D76-A089-F19842A4D748}.Release|Any CPU.Build.0 = Release|Any CPU
		{B4E790CE-60C1-405E-AD42-6AB7C2DC23AE}.Debug|Any CPU.ActiveCfg = Debug|Any CPU
		{B4E790CE-60C1-405E-AD42-6AB7C2DC23AE}.Debug|Any CPU.Build.0 = Debug|Any CPU
		{B4E790CE-60C1-405E-AD42-6AB7C2DC23AE}.Release|Any CPU.ActiveCfg = Release|Any CPU
		{B4E790CE-60C1-405E-AD42-6AB7C2DC23AE}.Release|Any CPU.Build.0 = Release|Any CPU
		{83566A21-76D4-4A8C-AED5-7DF1046343DF}.Debug|Any CPU.ActiveCfg = Debug|Any CPU
		{83566A21-76D4-4A8C-AED5-7DF1046343DF}.Debug|Any CPU.Build.0 = Debug|Any CPU
		{83566A21-76D4-4A8C-AED5-7DF1046343DF}.Release|Any CPU.ActiveCfg = Release|Any CPU
		{83566A21-76D4-4A8C-AED5-7DF1046343DF}.Release|Any CPU.Build.0 = Release|Any CPU
		{F60234E5-7C7E-41E8-B9C7-3DE5DAE06093}.Debug|Any CPU.ActiveCfg = Debug|Any CPU
		{F60234E5-7C7E-41E8-B9C7-3DE5DAE06093}.Debug|Any CPU.Build.0 = Debug|Any CPU
		{F60234E5-7C7E-41E8-B9C7-3DE5DAE06093}.Release|Any CPU.ActiveCfg = Release|Any CPU
		{F60234E5-7C7E-41E8-B9C7-3DE5DAE06093}.Release|Any CPU.Build.0 = Release|Any CPU
	EndGlobalSection
	GlobalSection(SolutionProperties) = preSolution
		HideSolutionNode = FALSE
	EndGlobalSection
	GlobalSection(NestedProjects) = preSolution
		{17298EA0-AF73-4F30-B6F1-2066100D7D74} = {679BAA44-7C00-45A8-B769-4442DAD8458C}
		{EDF5D964-4C0F-4F19-B674-58A38A5E5401} = {679BAA44-7C00-45A8-B769-4442DAD8458C}
		{5EB52D3D-09FD-463A-B02A-8D9856BD3724} = {679BAA44-7C00-45A8-B769-4442DAD8458C}
		{3979F157-DEB0-4878-AB1D-4CEF6B5A1300} = {679BAA44-7C00-45A8-B769-4442DAD8458C}
		{8338C51E-DF08-43F4-BC7D-1B8584BB2AD5} = {DBAD8891-A456-4540-936F-D13B363F3141}
		{F546F6C1-6B99-4E6C-9ADA-97E165751EC0} = {3EC701FF-62DB-4CE2-BC5B-506F37EBBF81}
		{5A67AC9D-D03D-46C9-8E91-03F71DEED812} = {3EC701FF-62DB-4CE2-BC5B-506F37EBBF81}
		{FA1BA43F-9DFB-41DA-BE0D-B0F541006E2F} = {3EC701FF-62DB-4CE2-BC5B-506F37EBBF81}
		{16FA1FC8-1B4A-43BB-A56A-12F232C68DF4} = {3EC701FF-62DB-4CE2-BC5B-506F37EBBF81}
		{B3376595-FF37-4C2B-8F59-41DE8712D26D} = {3EC701FF-62DB-4CE2-BC5B-506F37EBBF81}
		{5A55DA32-B810-47E6-96D0-F299C63F18F3} = {3EC701FF-62DB-4CE2-BC5B-506F37EBBF81}
		{1234F327-8414-49AE-8F35-A160168199A3} = {3EC701FF-62DB-4CE2-BC5B-506F37EBBF81}
		{6BCE5D9B-9924-46AA-9735-EB36F8AAF77C} = {3EC701FF-62DB-4CE2-BC5B-506F37EBBF81}
		{B75FDC86-F91B-4CE3-BAC1-284ED49A9B43} = {3EC701FF-62DB-4CE2-BC5B-506F37EBBF81}
		{A96D2EDD-868B-4916-BAE8-416DB40607B5} = {3EC701FF-62DB-4CE2-BC5B-506F37EBBF81}
		{EA0E2E06-7435-47EC-80CD-BAFBD5CEF90F} = {3EC701FF-62DB-4CE2-BC5B-506F37EBBF81}
		{CA637574-9878-4DF8-9CC1-427A8AAE0867} = {3EC701FF-62DB-4CE2-BC5B-506F37EBBF81}
		{77AE94B8-F576-4E13-9E23-FF239D64F577} = {3EC701FF-62DB-4CE2-BC5B-506F37EBBF81}
		{C7CCC603-E075-4EF3-A609-35E1375F5985} = {3EC701FF-62DB-4CE2-BC5B-506F37EBBF81}
		{E28145EF-B988-435E-A63C-7E512414AE3B} = {3EC701FF-62DB-4CE2-BC5B-506F37EBBF81}
		{3BECC077-597C-4E09-9DBA-81CA4336EA30} = {3EC701FF-62DB-4CE2-BC5B-506F37EBBF81}
		{84F15D3D-7B7E-4484-94BF-522B8A827C54} = {3EC701FF-62DB-4CE2-BC5B-506F37EBBF81}
		{A5BB90AC-2EA8-4B79-95B3-F7CD6D9D74D6} = {3EC701FF-62DB-4CE2-BC5B-506F37EBBF81}
		{23D82F02-08E4-4A96-B43D-013ED74BD396} = {3EC701FF-62DB-4CE2-BC5B-506F37EBBF81}
		{D7453590-F9AE-4A9A-810F-AB643FD7B682} = {3EC701FF-62DB-4CE2-BC5B-506F37EBBF81}
		{E2BDF887-AD62-4F72-8817-6AA43EC70B37} = {3EC701FF-62DB-4CE2-BC5B-506F37EBBF81}
		{C7B67788-3E07-4A30-98A7-A4D4C16429BA} = {3EC701FF-62DB-4CE2-BC5B-506F37EBBF81}
		{48F782F8-95A7-414B-ADCA-56F524AF538E} = {3EC701FF-62DB-4CE2-BC5B-506F37EBBF81}
		{7A39516F-4C6C-4F74-BC27-912D9B3C8C85} = {3EC701FF-62DB-4CE2-BC5B-506F37EBBF81}
		{48F07F05-F218-4897-B4CB-6771BDD48087} = {3EC701FF-62DB-4CE2-BC5B-506F37EBBF81}
		{A6B9C74B-AFB5-4862-A3AA-569015E748CA} = {3EC701FF-62DB-4CE2-BC5B-506F37EBBF81}
		{671288FD-2F00-4F74-844B-1963E898F048} = {3EC701FF-62DB-4CE2-BC5B-506F37EBBF81}
		{51F9C538-FBCB-4D7E-A654-EBD383B34D8B} = {3EC701FF-62DB-4CE2-BC5B-506F37EBBF81}
		{6ECE989D-A310-4D76-A089-F19842A4D748} = {3EC701FF-62DB-4CE2-BC5B-506F37EBBF81}
		{B4E790CE-60C1-405E-AD42-6AB7C2DC23AE} = {3EC701FF-62DB-4CE2-BC5B-506F37EBBF81}
		{83566A21-76D4-4A8C-AED5-7DF1046343DF} = {3EC701FF-62DB-4CE2-BC5B-506F37EBBF81}
		{F60234E5-7C7E-41E8-B9C7-3DE5DAE06093} = {3EC701FF-62DB-4CE2-BC5B-506F37EBBF81}
	EndGlobalSection
	GlobalSection(ExtensibilityGlobals) = postSolution
		SolutionGuid = {4D3BA14C-B582-4DE7-BCA5-A2067D1112A7}
	EndGlobalSection
EndGlobal
